{
  "requires": true,
  "lockfileVersion": 1,
  "dependencies": {
    "bootstrap": {
      "version": "5.0.0-beta2",
      "resolved": "https://registry.npmjs.org/bootstrap/-/bootstrap-5.0.0-beta2.tgz",
      "integrity": "sha512-e+uPbPHqTQWKyCX435uVlOmgH9tUt0xtjvyOC7knhKgOS643BrQKuTo+KecGpPV7qlmOyZgCfaM4xxPWtDEN/g=="
    },
    "datepickerx": {
      "version": "1.0.7",
      "resolved": "https://registry.npmjs.org/datepickerx/-/datepickerx-1.0.7.tgz",
      "integrity": "sha512-tMVYa+MwOoOxULagfo/HjbrZLMrrMw3zYBC3hm/TtFYSfraqe+qSDUIWf1G6/uQGr9luyjYKU71VXx0oIWI2zw=="
    }
  }
}
